// !$*UTF8*$!
{
	archiveVersion = 1;
	classes = {
	};
	objectVersion = 56;
	objects = {

/* Begin PBXBuildFile section */
		3A327BE72B2361B8008289FF /* URLSessionHTTPClient.swift in Sources */ = {isa = PBXBuildFile; fileRef = 3A327BE62B2361B8008289FF /* URLSessionHTTPClient.swift */; };
		3A327BE92B2361D2008289FF /* HTTPClient+JSONDecoder.swift in Sources */ = {isa = PBXBuildFile; fileRef = 3A327BE82B2361D2008289FF /* HTTPClient+JSONDecoder.swift */; };
		3A327BEB2B236F29008289FF /* PokeAPIHTTPClient.swift in Sources */ = {isa = PBXBuildFile; fileRef = 3A327BEA2B236F29008289FF /* PokeAPIHTTPClient.swift */; };
		3A327BEF2B237215008289FF /* UseCase.swift in Sources */ = {isa = PBXBuildFile; fileRef = 3A327BEE2B237214008289FF /* UseCase.swift */; };
		3A327BF12B237752008289FF /* UseCaseContainer.swift in Sources */ = {isa = PBXBuildFile; fileRef = 3A327BF02B237752008289FF /* UseCaseContainer.swift */; };
		3A327BF32B237761008289FF /* UseCaseContainer.swift in Sources */ = {isa = PBXBuildFile; fileRef = 3A327BF22B237761008289FF /* UseCaseContainer.swift */; };
		6C2B26112A98B9A6003E951F /* PokeDexApp.swift in Sources */ = {isa = PBXBuildFile; fileRef = 6C2B26102A98B9A6003E951F /* PokeDexApp.swift */; };
		6C2B26132A98B9A6003E951F /* PokemonExploreView.swift in Sources */ = {isa = PBXBuildFile; fileRef = 6C2B26122A98B9A6003E951F /* PokemonExploreView.swift */; };
		6C2B26152A98B9A7003E951F /* Assets.xcassets in Resources */ = {isa = PBXBuildFile; fileRef = 6C2B26142A98B9A7003E951F /* Assets.xcassets */; };
		6C2B26182A98B9A7003E951F /* Preview Assets.xcassets in Resources */ = {isa = PBXBuildFile; fileRef = 6C2B26172A98B9A7003E951F /* Preview Assets.xcassets */; };
		6C2B263A2A9AF1EC003E951F /* HTTPClient.swift in Sources */ = {isa = PBXBuildFile; fileRef = 6C2B26392A9AF1EC003E951F /* HTTPClient.swift */; };
		6C2B26422A9B2735003E951F /* APIGetPokemonListUseCase.swift in Sources */ = {isa = PBXBuildFile; fileRef = 6C2B26412A9B2735003E951F /* APIGetPokemonListUseCase.swift */; };
		6C2B264F2A9CA5BA003E951F /* GetPokemonListUseCase.swift in Sources */ = {isa = PBXBuildFile; fileRef = 6C2B264E2A9CA5BA003E951F /* GetPokemonListUseCase.swift */; };
		6C2B26512A9CA97E003E951F /* PokemonListView.swift in Sources */ = {isa = PBXBuildFile; fileRef = 6C2B26502A9CA97E003E951F /* PokemonListView.swift */; };
		6C2B26552A9CB506003E951F /* PokemonDetailView.swift in Sources */ = {isa = PBXBuildFile; fileRef = 6C2B26542A9CB506003E951F /* PokemonDetailView.swift */; };
		6C2B265B2A9D8E3F003E951F /* GetPokemonDetailUseCase.swift in Sources */ = {isa = PBXBuildFile; fileRef = 6C2B265A2A9D8E3F003E951F /* GetPokemonDetailUseCase.swift */; };
		6CCC41DA2AA0A56600EE93D2 /* APIGetPokemonDetailUseCase.swift in Sources */ = {isa = PBXBuildFile; fileRef = 6CCC41D92AA0A56600EE93D2 /* APIGetPokemonDetailUseCase.swift */; };
		6CCC41E52AA0D25A00EE93D2 /* PokemonExploreViewModel.swift in Sources */ = {isa = PBXBuildFile; fileRef = 6CCC41E42AA0D25900EE93D2 /* PokemonExploreViewModel.swift */; };
		6CCC41E72AA0D2C400EE93D2 /* Pokemon.swift in Sources */ = {isa = PBXBuildFile; fileRef = 6CCC41E62AA0D2C400EE93D2 /* Pokemon.swift */; };
		6CCC41ED2AA4C94400EE93D2 /* PokemonDetailViewModel.swift in Sources */ = {isa = PBXBuildFile; fileRef = 6CCC41EC2AA4C94400EE93D2 /* PokemonDetailViewModel.swift */; };
		6CCC41EF2AA4CB8C00EE93D2 /* PokemonDetails.swift in Sources */ = {isa = PBXBuildFile; fileRef = 6CCC41EE2AA4CB8C00EE93D2 /* PokemonDetails.swift */; };
/* End PBXBuildFile section */

/* Begin PBXFileReference section */
		3A327BE62B2361B8008289FF /* URLSessionHTTPClient.swift */ = {isa = PBXFileReference; lastKnownFileType = sourcecode.swift; path = URLSessionHTTPClient.swift; sourceTree = "<group>"; };
		3A327BE82B2361D2008289FF /* HTTPClient+JSONDecoder.swift */ = {isa = PBXFileReference; lastKnownFileType = sourcecode.swift; path = "HTTPClient+JSONDecoder.swift"; sourceTree = "<group>"; };
		3A327BEA2B236F29008289FF /* PokeAPIHTTPClient.swift */ = {isa = PBXFileReference; lastKnownFileType = sourcecode.swift; path = PokeAPIHTTPClient.swift; sourceTree = "<group>"; };
		3A327BEE2B237214008289FF /* UseCase.swift */ = {isa = PBXFileReference; lastKnownFileType = sourcecode.swift; path = UseCase.swift; sourceTree = "<group>"; };
		3A327BF02B237752008289FF /* UseCaseContainer.swift */ = {isa = PBXFileReference; lastKnownFileType = sourcecode.swift; path = UseCaseContainer.swift; sourceTree = "<group>"; };
		3A327BF22B237761008289FF /* UseCaseContainer.swift */ = {isa = PBXFileReference; lastKnownFileType = sourcecode.swift; path = UseCaseContainer.swift; sourceTree = "<group>"; };
		6C2B260D2A98B9A6003E951F /* PokeDex.app */ = {isa = PBXFileReference; explicitFileType = wrapper.application; includeInIndex = 0; path = PokeDex.app; sourceTree = BUILT_PRODUCTS_DIR; };
		6C2B26102A98B9A6003E951F /* PokeDexApp.swift */ = {isa = PBXFileReference; lastKnownFileType = sourcecode.swift; path = PokeDexApp.swift; sourceTree = "<group>"; };
		6C2B26122A98B9A6003E951F /* PokemonExploreView.swift */ = {isa = PBXFileReference; lastKnownFileType = sourcecode.swift; path = PokemonExploreView.swift; sourceTree = "<group>"; };
		6C2B26142A98B9A7003E951F /* Assets.xcassets */ = {isa = PBXFileReference; lastKnownFileType = folder.assetcatalog; path = Assets.xcassets; sourceTree = "<group>"; };
		6C2B26172A98B9A7003E951F /* Preview Assets.xcassets */ = {isa = PBXFileReference; lastKnownFileType = folder.assetcatalog; path = "Preview Assets.xcassets"; sourceTree = "<group>"; };
		6C2B26392A9AF1EC003E951F /* HTTPClient.swift */ = {isa = PBXFileReference; lastKnownFileType = sourcecode.swift; path = HTTPClient.swift; sourceTree = "<group>"; };
		6C2B26412A9B2735003E951F /* APIGetPokemonListUseCase.swift */ = {isa = PBXFileReference; lastKnownFileType = sourcecode.swift; path = APIGetPokemonListUseCase.swift; sourceTree = "<group>"; };
		6C2B264E2A9CA5BA003E951F /* GetPokemonListUseCase.swift */ = {isa = PBXFileReference; lastKnownFileType = sourcecode.swift; path = GetPokemonListUseCase.swift; sourceTree = "<group>"; };
		6C2B26502A9CA97E003E951F /* PokemonListView.swift */ = {isa = PBXFileReference; lastKnownFileType = sourcecode.swift; path = PokemonListView.swift; sourceTree = "<group>"; };
		6C2B26542A9CB506003E951F /* PokemonDetailView.swift */ = {isa = PBXFileReference; lastKnownFileType = sourcecode.swift; path = PokemonDetailView.swift; sourceTree = "<group>"; };
		6C2B265A2A9D8E3F003E951F /* GetPokemonDetailUseCase.swift */ = {isa = PBXFileReference; lastKnownFileType = sourcecode.swift; path = GetPokemonDetailUseCase.swift; sourceTree = "<group>"; };
		6CCC41D92AA0A56600EE93D2 /* APIGetPokemonDetailUseCase.swift */ = {isa = PBXFileReference; lastKnownFileType = sourcecode.swift; path = APIGetPokemonDetailUseCase.swift; sourceTree = "<group>"; };
		6CCC41E42AA0D25900EE93D2 /* PokemonExploreViewModel.swift */ = {isa = PBXFileReference; lastKnownFileType = sourcecode.swift; path = PokemonExploreViewModel.swift; sourceTree = "<group>"; };
		6CCC41E62AA0D2C400EE93D2 /* Pokemon.swift */ = {isa = PBXFileReference; lastKnownFileType = sourcecode.swift; path = Pokemon.swift; sourceTree = "<group>"; };
		6CCC41EC2AA4C94400EE93D2 /* PokemonDetailViewModel.swift */ = {isa = PBXFileReference; lastKnownFileType = sourcecode.swift; path = PokemonDetailViewModel.swift; sourceTree = "<group>"; };
		6CCC41EE2AA4CB8C00EE93D2 /* PokemonDetails.swift */ = {isa = PBXFileReference; lastKnownFileType = sourcecode.swift; path = PokemonDetails.swift; sourceTree = "<group>"; };
/* End PBXFileReference section */

/* Begin PBXFrameworksBuildPhase section */
		6C2B260A2A98B9A6003E951F /* Frameworks */ = {
			isa = PBXFrameworksBuildPhase;
			buildActionMask = 2147483647;
			files = (
			);
			runOnlyForDeploymentPostprocessing = 0;
		};
/* End PBXFrameworksBuildPhase section */

/* Begin PBXGroup section */
		3A327BEC2B2370CD008289FF /* Extension */ = {
			isa = PBXGroup;
			children = (
				3A327BE82B2361D2008289FF /* HTTPClient+JSONDecoder.swift */,
			);
			path = Extension;
			sourceTree = "<group>";
		};
		3A327BED2B2371E4008289FF /* UseCase */ = {
			isa = PBXGroup;
			children = (
				6C2B26412A9B2735003E951F /* APIGetPokemonListUseCase.swift */,
				6CCC41D92AA0A56600EE93D2 /* APIGetPokemonDetailUseCase.swift */,
				3A327BF22B237761008289FF /* UseCaseContainer.swift */,
			);
			path = UseCase;
			sourceTree = "<group>";
		};
		3AA60C3E2B2199D00067BE77 /* UI */ = {
			isa = PBXGroup;
			children = (
				6C2B26502A9CA97E003E951F /* PokemonListView.swift */,
				6C2B26542A9CB506003E951F /* PokemonDetailView.swift */,
				6C2B26122A98B9A6003E951F /* PokemonExploreView.swift */,
			);
			path = UI;
			sourceTree = "<group>";
		};
		3AA60C3F2B2199E70067BE77 /* Presentation */ = {
			isa = PBXGroup;
			children = (
				6CCC41EC2AA4C94400EE93D2 /* PokemonDetailViewModel.swift */,
				6CCC41E42AA0D25900EE93D2 /* PokemonExploreViewModel.swift */,
			);
			path = Presentation;
			sourceTree = "<group>";
		};
		3AA60C402B2199F60067BE77 /* Domain */ = {
			isa = PBXGroup;
			children = (
				3A327BEC2B2370CD008289FF /* Extension */,
				3AA60C472B21A34A0067BE77 /* Model */,
				3AA60C432B219A740067BE77 /* UseCase */,
			);
			path = Domain;
			sourceTree = "<group>";
		};
		3AA60C432B219A740067BE77 /* UseCase */ = {
			isa = PBXGroup;
			children = (
				3A327BEE2B237214008289FF /* UseCase.swift */,
				6C2B26392A9AF1EC003E951F /* HTTPClient.swift */,
				6C2B265A2A9D8E3F003E951F /* GetPokemonDetailUseCase.swift */,
				6C2B264E2A9CA5BA003E951F /* GetPokemonListUseCase.swift */,
				3A327BF02B237752008289FF /* UseCaseContainer.swift */,
			);
			path = UseCase;
			sourceTree = "<group>";
		};
		3AA60C442B219AE40067BE77 /* Infrastructure */ = {
			isa = PBXGroup;
			children = (
				6C2B26102A98B9A6003E951F /* PokeDexApp.swift */,
				3A327BEA2B236F29008289FF /* PokeAPIHTTPClient.swift */,
				3A327BE62B2361B8008289FF /* URLSessionHTTPClient.swift */,
				3A327BED2B2371E4008289FF /* UseCase */,
			);
			path = Infrastructure;
			sourceTree = "<group>";
		};
		3AA60C472B21A34A0067BE77 /* Model */ = {
			isa = PBXGroup;
			children = (
				6CCC41E62AA0D2C400EE93D2 /* Pokemon.swift */,
				6CCC41EE2AA4CB8C00EE93D2 /* PokemonDetails.swift */,
			);
			path = Model;
			sourceTree = "<group>";
		};
		6C2B26042A98B9A6003E951F = {
			isa = PBXGroup;
			children = (
				6C2B260F2A98B9A6003E951F /* PokeDex */,
				6C2B260E2A98B9A6003E951F /* Products */,
			);
			sourceTree = "<group>";
		};
		6C2B260E2A98B9A6003E951F /* Products */ = {
			isa = PBXGroup;
			children = (
				6C2B260D2A98B9A6003E951F /* PokeDex.app */,
			);
			name = Products;
			sourceTree = "<group>";
		};
		6C2B260F2A98B9A6003E951F /* PokeDex */ = {
			isa = PBXGroup;
			children = (
				6C2B26272A9A2424003E951F /* App */,
				6C2B26142A98B9A7003E951F /* Assets.xcassets */,
				6C2B26162A98B9A7003E951F /* Preview Content */,
			);
			path = PokeDex;
			sourceTree = "<group>";
		};
		6C2B26162A98B9A7003E951F /* Preview Content */ = {
			isa = PBXGroup;
			children = (
				6C2B26172A98B9A7003E951F /* Preview Assets.xcassets */,
			);
			path = "Preview Content";
			sourceTree = "<group>";
		};
		6C2B26272A9A2424003E951F /* App */ = {
			isa = PBXGroup;
			children = (
				3AA60C442B219AE40067BE77 /* Infrastructure */,
				3AA60C3E2B2199D00067BE77 /* UI */,
				3AA60C3F2B2199E70067BE77 /* Presentation */,
				3AA60C402B2199F60067BE77 /* Domain */,
			);
			path = App;
			sourceTree = "<group>";
		};
/* End PBXGroup section */

/* Begin PBXNativeTarget section */
		6C2B260C2A98B9A6003E951F /* PokeDex */ = {
			isa = PBXNativeTarget;
			buildConfigurationList = 6C2B26212A98B9A7003E951F /* Build configuration list for PBXNativeTarget "PokeDex" */;
			buildPhases = (
				6C2B26092A98B9A6003E951F /* Sources */,
				6C2B260A2A98B9A6003E951F /* Frameworks */,
				6C2B260B2A98B9A6003E951F /* Resources */,
			);
			buildRules = (
			);
			dependencies = (
			);
			name = PokeDex;
			productName = "Pokemon Clean Architecture";
			productReference = 6C2B260D2A98B9A6003E951F /* PokeDex.app */;
			productType = "com.apple.product-type.application";
		};
/* End PBXNativeTarget section */

/* Begin PBXProject section */
		6C2B26052A98B9A6003E951F /* Project object */ = {
			isa = PBXProject;
			attributes = {
				BuildIndependentTargetsInParallel = 1;
				LastSwiftUpdateCheck = 1430;
				LastUpgradeCheck = 1430;
				TargetAttributes = {
					6C2B260C2A98B9A6003E951F = {
						CreatedOnToolsVersion = 14.3;
					};
				};
			};
			buildConfigurationList = 6C2B26082A98B9A6003E951F /* Build configuration list for PBXProject "PokeDex" */;
			compatibilityVersion = "Xcode 14.0";
			developmentRegion = en;
			hasScannedForEncodings = 0;
			knownRegions = (
				en,
				Base,
			);
			mainGroup = 6C2B26042A98B9A6003E951F;
			productRefGroup = 6C2B260E2A98B9A6003E951F /* Products */;
			projectDirPath = "";
			projectRoot = "";
			targets = (
				6C2B260C2A98B9A6003E951F /* PokeDex */,
			);
		};
/* End PBXProject section */

/* Begin PBXResourcesBuildPhase section */
		6C2B260B2A98B9A6003E951F /* Resources */ = {
			isa = PBXResourcesBuildPhase;
			buildActionMask = 2147483647;
			files = (
				6C2B26182A98B9A7003E951F /* Preview Assets.xcassets in Resources */,
				6C2B26152A98B9A7003E951F /* Assets.xcassets in Resources */,
			);
			runOnlyForDeploymentPostprocessing = 0;
		};
/* End PBXResourcesBuildPhase section */

/* Begin PBXSourcesBuildPhase section */
		6C2B26092A98B9A6003E951F /* Sources */ = {
			isa = PBXSourcesBuildPhase;
			buildActionMask = 2147483647;
			files = (
				6C2B26552A9CB506003E951F /* PokemonDetailView.swift in Sources */,
				3A327BF12B237752008289FF /* UseCaseContainer.swift in Sources */,
				3A327BE92B2361D2008289FF /* HTTPClient+JSONDecoder.swift in Sources */,
				6C2B26132A98B9A6003E951F /* PokemonExploreView.swift in Sources */,
				6CCC41E72AA0D2C400EE93D2 /* Pokemon.swift in Sources */,
				3A327BF32B237761008289FF /* UseCaseContainer.swift in Sources */,
				3A327BEB2B236F29008289FF /* PokeAPIHTTPClient.swift in Sources */,
				6C2B263A2A9AF1EC003E951F /* HTTPClient.swift in Sources */,
				6C2B26112A98B9A6003E951F /* PokeDexApp.swift in Sources */,
				3A327BEF2B237215008289FF /* UseCase.swift in Sources */,
				6CCC41DA2AA0A56600EE93D2 /* APIGetPokemonDetailUseCase.swift in Sources */,
				6C2B26422A9B2735003E951F /* APIGetPokemonListUseCase.swift in Sources */,
				6C2B26512A9CA97E003E951F /* PokemonListView.swift in Sources */,
				6C2B264F2A9CA5BA003E951F /* GetPokemonListUseCase.swift in Sources */,
				6CCC41EF2AA4CB8C00EE93D2 /* PokemonDetails.swift in Sources */,
				3A327BE72B2361B8008289FF /* URLSessionHTTPClient.swift in Sources */,
				6C2B265B2A9D8E3F003E951F /* GetPokemonDetailUseCase.swift in Sources */,
				6CCC41E52AA0D25A00EE93D2 /* PokemonExploreViewModel.swift in Sources */,
				6CCC41ED2AA4C94400EE93D2 /* PokemonDetailViewModel.swift in Sources */,
			);
			runOnlyForDeploymentPostprocessing = 0;
		};
/* End PBXSourcesBuildPhase section */

/* Begin XCBuildConfiguration section */
		6C2B261F2A98B9A7003E951F /* Debug */ = {
			isa = XCBuildConfiguration;
			buildSettings = {
				ALWAYS_SEARCH_USER_PATHS = NO;
				CLANG_ANALYZER_NONNULL = YES;
				CLANG_ANALYZER_NUMBER_OBJECT_CONVERSION = YES_AGGRESSIVE;
				CLANG_CXX_LANGUAGE_STANDARD = "gnu++20";
				CLANG_ENABLE_MODULES = YES;
				CLANG_ENABLE_OBJC_ARC = YES;
				CLANG_ENABLE_OBJC_WEAK = YES;
				CLANG_WARN_BLOCK_CAPTURE_AUTORELEASING = YES;
				CLANG_WARN_BOOL_CONVERSION = YES;
				CLANG_WARN_COMMA = YES;
				CLANG_WARN_CONSTANT_CONVERSION = YES;
				CLANG_WARN_DEPRECATED_OBJC_IMPLEMENTATIONS = YES;
				CLANG_WARN_DIRECT_OBJC_ISA_USAGE = YES_ERROR;
				CLANG_WARN_DOCUMENTATION_COMMENTS = YES;
				CLANG_WARN_EMPTY_BODY = YES;
				CLANG_WARN_ENUM_CONVERSION = YES;
				CLANG_WARN_INFINITE_RECURSION = YES;
				CLANG_WARN_INT_CONVERSION = YES;
				CLANG_WARN_NON_LITERAL_NULL_CONVERSION = YES;
				CLANG_WARN_OBJC_IMPLICIT_RETAIN_SELF = YES;
				CLANG_WARN_OBJC_LITERAL_CONVERSION = YES;
				CLANG_WARN_OBJC_ROOT_CLASS = YES_ERROR;
				CLANG_WARN_QUOTED_INCLUDE_IN_FRAMEWORK_HEADER = YES;
				CLANG_WARN_RANGE_LOOP_ANALYSIS = YES;
				CLANG_WARN_STRICT_PROTOTYPES = YES;
				CLANG_WARN_SUSPICIOUS_MOVE = YES;
				CLANG_WARN_UNGUARDED_AVAILABILITY = YES_AGGRESSIVE;
				CLANG_WARN_UNREACHABLE_CODE = YES;
				CLANG_WARN__DUPLICATE_METHOD_MATCH = YES;
				COPY_PHASE_STRIP = NO;
				DEBUG_INFORMATION_FORMAT = dwarf;
				ENABLE_STRICT_OBJC_MSGSEND = YES;
				ENABLE_TESTABILITY = YES;
				GCC_C_LANGUAGE_STANDARD = gnu11;
				GCC_DYNAMIC_NO_PIC = NO;
				GCC_NO_COMMON_BLOCKS = YES;
				GCC_OPTIMIZATION_LEVEL = 0;
				GCC_PREPROCESSOR_DEFINITIONS = (
					"DEBUG=1",
					"$(inherited)",
				);
				GCC_WARN_64_TO_32_BIT_CONVERSION = YES;
				GCC_WARN_ABOUT_RETURN_TYPE = YES_ERROR;
				GCC_WARN_UNDECLARED_SELECTOR = YES;
				GCC_WARN_UNINITIALIZED_AUTOS = YES_AGGRESSIVE;
				GCC_WARN_UNUSED_FUNCTION = YES;
				GCC_WARN_UNUSED_VARIABLE = YES;
				IPHONEOS_DEPLOYMENT_TARGET = 16.4;
				MTL_ENABLE_DEBUG_INFO = INCLUDE_SOURCE;
				MTL_FAST_MATH = YES;
				ONLY_ACTIVE_ARCH = YES;
				SDKROOT = iphoneos;
				SWIFT_ACTIVE_COMPILATION_CONDITIONS = DEBUG;
				SWIFT_OPTIMIZATION_LEVEL = "-Onone";
			};
			name = Debug;
		};
		6C2B26202A98B9A7003E951F /* Release */ = {
			isa = XCBuildConfiguration;
			buildSettings = {
				ALWAYS_SEARCH_USER_PATHS = NO;
				CLANG_ANALYZER_NONNULL = YES;
				CLANG_ANALYZER_NUMBER_OBJECT_CONVERSION = YES_AGGRESSIVE;
				CLANG_CXX_LANGUAGE_STANDARD = "gnu++20";
				CLANG_ENABLE_MODULES = YES;
				CLANG_ENABLE_OBJC_ARC = YES;
				CLANG_ENABLE_OBJC_WEAK = YES;
				CLANG_WARN_BLOCK_CAPTURE_AUTORELEASING = YES;
				CLANG_WARN_BOOL_CONVERSION = YES;
				CLANG_WARN_COMMA = YES;
				CLANG_WARN_CONSTANT_CONVERSION = YES;
				CLANG_WARN_DEPRECATED_OBJC_IMPLEMENTATIONS = YES;
				CLANG_WARN_DIRECT_OBJC_ISA_USAGE = YES_ERROR;
				CLANG_WARN_DOCUMENTATION_COMMENTS = YES;
				CLANG_WARN_EMPTY_BODY = YES;
				CLANG_WARN_ENUM_CONVERSION = YES;
				CLANG_WARN_INFINITE_RECURSION = YES;
				CLANG_WARN_INT_CONVERSION = YES;
				CLANG_WARN_NON_LITERAL_NULL_CONVERSION = YES;
				CLANG_WARN_OBJC_IMPLICIT_RETAIN_SELF = YES;
				CLANG_WARN_OBJC_LITERAL_CONVERSION = YES;
				CLANG_WARN_OBJC_ROOT_CLASS = YES_ERROR;
				CLANG_WARN_QUOTED_INCLUDE_IN_FRAMEWORK_HEADER = YES;
				CLANG_WARN_RANGE_LOOP_ANALYSIS = YES;
				CLANG_WARN_STRICT_PROTOTYPES = YES;
				CLANG_WARN_SUSPICIOUS_MOVE = YES;
				CLANG_WARN_UNGUARDED_AVAILABILITY = YES_AGGRESSIVE;
				CLANG_WARN_UNREACHABLE_CODE = YES;
				CLANG_WARN__DUPLICATE_METHOD_MATCH = YES;
				COPY_PHASE_STRIP = NO;
				DEBUG_INFORMATION_FORMAT = "dwarf-with-dsym";
				ENABLE_NS_ASSERTIONS = NO;
				ENABLE_STRICT_OBJC_MSGSEND = YES;
				GCC_C_LANGUAGE_STANDARD = gnu11;
				GCC_NO_COMMON_BLOCKS = YES;
				GCC_WARN_64_TO_32_BIT_CONVERSION = YES;
				GCC_WARN_ABOUT_RETURN_TYPE = YES_ERROR;
				GCC_WARN_UNDECLARED_SELECTOR = YES;
				GCC_WARN_UNINITIALIZED_AUTOS = YES_AGGRESSIVE;
				GCC_WARN_UNUSED_FUNCTION = YES;
				GCC_WARN_UNUSED_VARIABLE = YES;
				IPHONEOS_DEPLOYMENT_TARGET = 16.4;
				MTL_ENABLE_DEBUG_INFO = NO;
				MTL_FAST_MATH = YES;
				SDKROOT = iphoneos;
				SWIFT_COMPILATION_MODE = wholemodule;
				SWIFT_OPTIMIZATION_LEVEL = "-O";
				VALIDATE_PRODUCT = YES;
			};
			name = Release;
		};
		6C2B26222A98B9A7003E951F /* Debug */ = {
			isa = XCBuildConfiguration;
			buildSettings = {
				ASSETCATALOG_COMPILER_APPICON_NAME = AppIcon;
				ASSETCATALOG_COMPILER_GLOBAL_ACCENT_COLOR_NAME = AccentColor;
				CODE_SIGN_STYLE = Automatic;
				CURRENT_PROJECT_VERSION = 1;
				DEVELOPMENT_ASSET_PATHS = "\"PokeDex/Preview Content\"";
				DEVELOPMENT_TEAM = 57DDT5D7L5;
				ENABLE_PREVIEWS = YES;
				GENERATE_INFOPLIST_FILE = YES;
				INFOPLIST_KEY_UIApplicationSceneManifest_Generation = YES;
				INFOPLIST_KEY_UIApplicationSupportsIndirectInputEvents = YES;
				INFOPLIST_KEY_UILaunchScreen_Generation = YES;
				INFOPLIST_KEY_UISupportedInterfaceOrientations_iPad = "UIInterfaceOrientationPortrait UIInterfaceOrientationPortraitUpsideDown UIInterfaceOrientationLandscapeLeft UIInterfaceOrientationLandscapeRight";
				INFOPLIST_KEY_UISupportedInterfaceOrientations_iPhone = "UIInterfaceOrientationPortrait UIInterfaceOrientationLandscapeLeft UIInterfaceOrientationLandscapeRight";
				LD_RUNPATH_SEARCH_PATHS = (
					"$(inherited)",
					"@executable_path/Frameworks",
				);
				MARKETING_VERSION = 1.0;
				PRODUCT_BUNDLE_IDENTIFIER = "com.adhaf.Pokemon-Clean-Architecture";
				PRODUCT_NAME = "$(TARGET_NAME)";
				SWIFT_EMIT_LOC_STRINGS = YES;
				SWIFT_VERSION = 5.0;
				TARGETED_DEVICE_FAMILY = "1,2";
			};
			name = Debug;
		};
		6C2B26232A98B9A7003E951F /* Release */ = {
			isa = XCBuildConfiguration;
			buildSettings = {
				ASSETCATALOG_COMPILER_APPICON_NAME = AppIcon;
				ASSETCATALOG_COMPILER_GLOBAL_ACCENT_COLOR_NAME = AccentColor;
				CODE_SIGN_STYLE = Automatic;
				CURRENT_PROJECT_VERSION = 1;
				DEVELOPMENT_ASSET_PATHS = "\"PokeDex/Preview Content\"";
				DEVELOPMENT_TEAM = 57DDT5D7L5;
				ENABLE_PREVIEWS = YES;
				GENERATE_INFOPLIST_FILE = YES;
				INFOPLIST_KEY_UIApplicationSceneManifest_Generation = YES;
				INFOPLIST_KEY_UIApplicationSupportsIndirectInputEvents = YES;
				INFOPLIST_KEY_UILaunchScreen_Generation = YES;
				INFOPLIST_KEY_UISupportedInterfaceOrientations_iPad = "UIInterfaceOrientationPortrait UIInterfaceOrientationPortraitUpsideDown UIInterfaceOrientationLandscapeLeft UIInterfaceOrientationLandscapeRight";
				INFOPLIST_KEY_UISupportedInterfaceOrientations_iPhone = "UIInterfaceOrientationPortrait UIInterfaceOrientationLandscapeLeft UIInterfaceOrientationLandscapeRight";
				LD_RUNPATH_SEARCH_PATHS = (
					"$(inherited)",
					"@executable_path/Frameworks",
				);
				MARKETING_VERSION = 1.0;
				PRODUCT_BUNDLE_IDENTIFIER = "com.adhaf.Pokemon-Clean-Architecture";
				PRODUCT_NAME = "$(TARGET_NAME)";
				SWIFT_EMIT_LOC_STRINGS = YES;
				SWIFT_VERSION = 5.0;
				TARGETED_DEVICE_FAMILY = "1,2";
			};
			name = Release;
		};
/* End XCBuildConfiguration section */

/* Begin XCConfigurationList section */
		6C2B26082A98B9A6003E951F /* Build configuration list for PBXProject "PokeDex" */ = {
			isa = XCConfigurationList;
			buildConfigurations = (
				6C2B261F2A98B9A7003E951F /* Debug */,
				6C2B26202A98B9A7003E951F /* Release */,
			);
			defaultConfigurationIsVisible = 0;
			defaultConfigurationName = Release;
		};
		6C2B26212A98B9A7003E951F /* Build configuration list for PBXNativeTarget "PokeDex" */ = {
			isa = XCConfigurationList;
			buildConfigurations = (
				6C2B26222A98B9A7003E951F /* Debug */,
				6C2B26232A98B9A7003E951F /* Release */,
			);
			defaultConfigurationIsVisible = 0;
			defaultConfigurationName = Release;
		};
/* End XCConfigurationList section */
	};
	rootObject = 6C2B26052A98B9A6003E951F /* Project object */;
}
